
Microsoft Visual Studio Solution File, Format Version 12.00
# Visual Studio Version 17
VisualStudioVersion = 17.4.33213.308
MinimumVisualStudioVersion = 10.0.40219.1
Project("{FAE04EC0-301F-11D3-BF4B-00C04F79EFBC}") = "UC-3", "UC-3\UC-3.csproj", "{1D585C44-2C60-48F9-AC7F-6508947054F4}"
EndProject
Global
	GlobalSection(SolutionConfigurationPlatforms) = preSolution
		Debug|Any CPU = Debug|Any CPU
		Release|Any CPU = Release|Any CPU
	EndGlobalSection
	GlobalSection(ProjectConfigurationPlatforms) = postSolution
		{1D585C44-2C60-48F9-AC7F-6508947054F4}.Debug|Any CPU.ActiveCfg = Debug|Any CPU
		{1D585C44-2C60-48F9-AC7F-6508947054F4}.Debug|Any CPU.Build.0 = Debug|Any CPU
		{1D585C44-2C60-48F9-AC7F-6508947054F4}.Release|Any CPU.ActiveCfg = Release|Any CPU
		{1D585C44-2C60-48F9-AC7F-6508947054F4}.Release|Any CPU.Build.0 = Release|Any CPU
	EndGlobalSection
	GlobalSection(SolutionProperties) = preSolution
		HideSolutionNode = FALSE
	EndGlobalSection
	GlobalSection(ExtensibilityGlobals) = postSolution
		SolutionGuid = {17EF71DC-8531-42E9-A21B-FDFDCDF0BD8D}
	EndGlobalSection
EndGlobal
